
Microsoft Visual Studio Solution File, Format Version 12.00
# Visual Studio Version 16
VisualStudioVersion = 16.0.29519.181
MinimumVisualStudioVersion = 10.0.40219.1
Project("{2150E333-8FDC-42A3-9474-1A3956D46DE8}") = "Tree", "Tree", "{6FE9DCA5-B3F2-4593-B71E-3B9BC3A59723}"
EndProject
Project("{2150E333-8FDC-42A3-9474-1A3956D46DE8}") = "Client", "Client", "{A97B1356-3EAC-40A4-B591-E557CA356147}"
EndProject
Project("{2150E333-8FDC-42A3-9474-1A3956D46DE8}") = "Lib", "Lib", "{2792D0F3-D3E2-4F97-9B1F-34D227B1CDC3}"
EndProject
Project("{8BC9CEB8-8B4A-11D0-8D11-00A0C91BC942}") = "BinaryTree", "Lib\BinaryTree\BinaryTree.vcxproj", "{6B5A63C3-8C99-4E9E-BFAC-4F81B3E716A7}"
EndProject
Project("{8BC9CEB8-8B4A-11D0-8D11-00A0C91BC942}") = "BinaryTree", "Client\BinaryTree\BinaryTree.vcxproj", "{1F1D3F09-1D6D-4679-8BC6-002086DB47F7}"
EndProject
Project("{8BC9CEB8-8B4A-11D0-8D11-00A0C91BC942}") = "BST", "Lib\BST\BST.vcxproj", "{8DD89D2D-9DC4-4BAC-A310-EF8369D4035F}"
EndProject
Project("{2150E333-8FDC-42A3-9474-1A3956D46DE8}") = "Test", "Test", "{2943D6FC-5010-421B-9250-B7CC6BB2E118}"
EndProject
Project("{8BC9CEB8-8B4A-11D0-8D11-00A0C91BC942}") = "BinaryTree", "Test\BinaryTree\BinaryTree.vcxproj", "{925F98AC-1D30-4BA3-AB4F-9ECE525B4DAA}"
EndProject
Project("{8BC9CEB8-8B4A-11D0-8D11-00A0C91BC942}") = "BST", "Client\BST\BST.vcxproj", "{BE005B80-2C4E-469E-A058-45A55FF1D47D}"
EndProject
Project("{8BC9CEB8-8B4A-11D0-8D11-00A0C91BC942}") = "BST", "Test\BST\BST.vcxproj", "{1634EA43-19CF-4303-BBA6-F394622118A1}"
EndProject
Project("{8BC9CEB8-8B4A-11D0-8D11-00A0C91BC942}") = "AVL", "Lib\AVL\AVL.vcxproj", "{58C21340-0FA0-4575-B37E-A0090C620D9D}"
EndProject
Project("{8BC9CEB8-8B4A-11D0-8D11-00A0C91BC942}") = "AVL", "Client\AVL\AVL.vcxproj", "{6B10DF22-DA6C-4FBD-8F7D-AA415AB5B1E2}"
EndProject
Project("{8BC9CEB8-8B4A-11D0-8D11-00A0C91BC942}") = "AVL", "Test\AVL\AVL.vcxproj", "{49612D9F-D969-44F9-815B-02BBD7D983E1}"
EndProject
Project("{8BC9CEB8-8B4A-11D0-8D11-00A0C91BC942}") = "Tree", "Lib\Tree\Tree.vcxproj", "{DEF1E286-5B8E-4D97-AE82-A8F7728BF6D1}"
EndProject
Project("{8BC9CEB8-8B4A-11D0-8D11-00A0C91BC942}") = "UFDS", "Lib\UFDS\UFDS.vcxproj", "{305DD1DC-D6AF-4A8A-A176-B0EA9C5B0FF2}"
EndProject
Project("{8BC9CEB8-8B4A-11D0-8D11-00A0C91BC942}") = "UFDS", "Client\UFDS\UFDS.vcxproj", "{B1436B8B-3E67-4F7D-97C4-2ACD85A63166}"
EndProject
Project("{8BC9CEB8-8B4A-11D0-8D11-00A0C91BC942}") = "UFDS", "Test\UFDS\UFDS.vcxproj", "{4F4189D8-EB6F-4CE5-8D68-AF14A042A5AA}"
EndProject
Project("{8BC9CEB8-8B4A-11D0-8D11-00A0C91BC942}") = "SegmentTree", "Lib\SegmentTree\SegmentTree.vcxproj", "{EB5FC754-BC16-4B5E-80C3-3D7AC23A63D2}"
EndProject
Project("{8BC9CEB8-8B4A-11D0-8D11-00A0C91BC942}") = "SegmentTree", "Client\SegmentTree\SegmentTree.vcxproj", "{4EBF5131-F65F-4F3B-8C78-A9706EE1F495}"
EndProject
Project("{8BC9CEB8-8B4A-11D0-8D11-00A0C91BC942}") = "SegmentTree", "Test\SegmentTree\SegmentTree.vcxproj", "{A740815A-4E10-4116-A01E-73D71286FBA6}"
EndProject
Project("{8BC9CEB8-8B4A-11D0-8D11-00A0C91BC942}") = "FenwickTree", "Lib\FenwickTree\FenwickTree.vcxproj", "{26B24EFB-1E93-4AC1-AB9C-D80C9FA76D0F}"
EndProject
Project("{8BC9CEB8-8B4A-11D0-8D11-00A0C91BC942}") = "FenwickTree", "Client\FenwickTree\FenwickTree.vcxproj", "{37248D29-4153-4C53-9BB8-DD16AB36C257}"
EndProject
Project("{2150E333-8FDC-42A3-9474-1A3956D46DE8}") = "Sequence", "Sequence", "{C71464D8-AE5F-4354-9851-980F5FCBB29B}"
EndProject
Project("{8BC9CEB8-8B4A-11D0-8D11-00A0C91BC942}") = "Sequence", "Lib\Sequence\Sequence.vcxproj", "{612FEB34-2182-4502-9636-433F693FBF9A}"
EndProject
Project("{8BC9CEB8-8B4A-11D0-8D11-00A0C91BC942}") = "Sequence", "Client\Sequence\Sequence.vcxproj", "{AD893995-2E53-40C2-A654-30AF1B3845FA}"
EndProject
Project("{2150E333-8FDC-42A3-9474-1A3956D46DE8}") = "Knapsack", "Knapsack", "{52CE28A7-6D1A-4927-AD27-3842DCBC0743}"
EndProject
Project("{8BC9CEB8-8B4A-11D0-8D11-00A0C91BC942}") = "Knapsack", "Lib\Knapsack\Knapsack.vcxproj", "{B2C35A5F-51F5-4981-AE0F-C821862A8447}"
EndProject
Project("{8BC9CEB8-8B4A-11D0-8D11-00A0C91BC942}") = "Knapsack", "Client\Knapsack\Knapsack.vcxproj", "{CBF3D520-CA24-4BD5-9185-29D0D2F563B1}"
EndProject
Project("{8BC9CEB8-8B4A-11D0-8D11-00A0C91BC942}") = "Trie", "Lib\Trie\Trie.vcxproj", "{1A35DBFD-92B2-4408-90BF-B0CDC9351C47}"
EndProject
Project("{8BC9CEB8-8B4A-11D0-8D11-00A0C91BC942}") = "Trie", "Client\Trie\Trie.vcxproj", "{A80AB8D9-7889-40E2-9C56-7BA0BD737F90}"
EndProject
Project("{8BC9CEB8-8B4A-11D0-8D11-00A0C91BC942}") = "Trie", "Test\Trie\Trie.vcxproj", "{98EF9677-4FE1-4F81-8A8C-05F5C44E9E9A}"
EndProject
Project("{2150E333-8FDC-42A3-9474-1A3956D46DE8}") = "Sorting", "Sorting", "{96CA3B10-910A-40DF-8AEC-9FF2D485FCF0}"
EndProject
Project("{8BC9CEB8-8B4A-11D0-8D11-00A0C91BC942}") = "Sorting", "Lib\Sorting\Sorting.vcxproj", "{8C9CFF2A-CF95-4FDD-B398-BDB87E8F6E00}"
EndProject
Project("{8BC9CEB8-8B4A-11D0-8D11-00A0C91BC942}") = "Sorting", "Test\Sorting\Sorting.vcxproj", "{A32E167A-F3A2-40AA-BF47-A0E6BFDFADE8}"
EndProject
Project("{8BC9CEB8-8B4A-11D0-8D11-00A0C91BC942}") = "Sorting", "Client\Sorting\Sorting.vcxproj", "{D997B749-2EC6-4B92-8CCB-B2749DD5F2EB}"
EndProject
Project("{8BC9CEB8-8B4A-11D0-8D11-00A0C91BC942}") = "Permutation", "Client\Permutation\Permutation.vcxproj", "{919EF2C1-CE76-4F73-9248-02B2EBCC083C}"
EndProject
Project("{2150E333-8FDC-42A3-9474-1A3956D46DE8}") = "Permutation", "Permutation", "{43D131C6-4708-49D2-B385-1803E470DB82}"
EndProject
Project("{8BC9CEB8-8B4A-11D0-8D11-00A0C91BC942}") = "Permutation", "Lib\Permutation\Permutation.vcxproj", "{AD5D1C0F-A022-4617-97E1-FD23C742105C}"
EndProject
Project("{8BC9CEB8-8B4A-11D0-8D11-00A0C91BC942}") = "Permutation", "Test\Permutation\Permutation.vcxproj", "{247F4E11-FD5C-41A3-ACD5-8A74788221BA}"
EndProject
Project("{2150E333-8FDC-42A3-9474-1A3956D46DE8}") = "Euler tour", "Euler tour", "{00E7A9E3-B8A0-402F-82C0-A54EBA4FD86E}"
EndProject
Project("{8BC9CEB8-8B4A-11D0-8D11-00A0C91BC942}") = "Euler tour", "Lib\Euler tour\Euler tour.vcxproj", "{FDC98D19-C592-42EF-8043-A7A9B6D0DE0D}"
EndProject
Project("{8BC9CEB8-8B4A-11D0-8D11-00A0C91BC942}") = "Euler tour", "Client\Euler tour\Euler tour.vcxproj", "{242B7B8E-2AEC-4EF4-B7E9-450C2ADCAB06}"
EndProject
Global
	GlobalSection(SolutionConfigurationPlatforms) = preSolution
		Debug|x64 = Debug|x64
		Debug|x86 = Debug|x86
		Release|x64 = Release|x64
		Release|x86 = Release|x86
	EndGlobalSection
	GlobalSection(ProjectConfigurationPlatforms) = postSolution
		{6B5A63C3-8C99-4E9E-BFAC-4F81B3E716A7}.Debug|x64.ActiveCfg = Debug|x64
		{6B5A63C3-8C99-4E9E-BFAC-4F81B3E716A7}.Debug|x64.Build.0 = Debug|x64
		{6B5A63C3-8C99-4E9E-BFAC-4F81B3E716A7}.Debug|x86.ActiveCfg = Debug|Win32
		{6B5A63C3-8C99-4E9E-BFAC-4F81B3E716A7}.Debug|x86.Build.0 = Debug|Win32
		{6B5A63C3-8C99-4E9E-BFAC-4F81B3E716A7}.Release|x64.ActiveCfg = Release|x64
		{6B5A63C3-8C99-4E9E-BFAC-4F81B3E716A7}.Release|x64.Build.0 = Release|x64
		{6B5A63C3-8C99-4E9E-BFAC-4F81B3E716A7}.Release|x86.ActiveCfg = Release|Win32
		{6B5A63C3-8C99-4E9E-BFAC-4F81B3E716A7}.Release|x86.Build.0 = Release|Win32
		{1F1D3F09-1D6D-4679-8BC6-002086DB47F7}.Debug|x64.ActiveCfg = Debug|x64
		{1F1D3F09-1D6D-4679-8BC6-002086DB47F7}.Debug|x64.Build.0 = Debug|x64
		{1F1D3F09-1D6D-4679-8BC6-002086DB47F7}.Debug|x86.ActiveCfg = Debug|Win32
		{1F1D3F09-1D6D-4679-8BC6-002086DB47F7}.Debug|x86.Build.0 = Debug|Win32
		{1F1D3F09-1D6D-4679-8BC6-002086DB47F7}.Release|x64.ActiveCfg = Release|x64
		{1F1D3F09-1D6D-4679-8BC6-002086DB47F7}.Release|x64.Build.0 = Release|x64
		{1F1D3F09-1D6D-4679-8BC6-002086DB47F7}.Release|x86.ActiveCfg = Release|Win32
		{1F1D3F09-1D6D-4679-8BC6-002086DB47F7}.Release|x86.Build.0 = Release|Win32
		{8DD89D2D-9DC4-4BAC-A310-EF8369D4035F}.Debug|x64.ActiveCfg = Debug|x64
		{8DD89D2D-9DC4-4BAC-A310-EF8369D4035F}.Debug|x64.Build.0 = Debug|x64
		{8DD89D2D-9DC4-4BAC-A310-EF8369D4035F}.Debug|x86.ActiveCfg = Debug|Win32
		{8DD89D2D-9DC4-4BAC-A310-EF8369D4035F}.Debug|x86.Build.0 = Debug|Win32
		{8DD89D2D-9DC4-4BAC-A310-EF8369D4035F}.Release|x64.ActiveCfg = Release|x64
		{8DD89D2D-9DC4-4BAC-A310-EF8369D4035F}.Release|x64.Build.0 = Release|x64
		{8DD89D2D-9DC4-4BAC-A310-EF8369D4035F}.Release|x86.ActiveCfg = Release|Win32
		{8DD89D2D-9DC4-4BAC-A310-EF8369D4035F}.Release|x86.Build.0 = Release|Win32
		{925F98AC-1D30-4BA3-AB4F-9ECE525B4DAA}.Debug|x64.ActiveCfg = Debug|x64
		{925F98AC-1D30-4BA3-AB4F-9ECE525B4DAA}.Debug|x64.Build.0 = Debug|x64
		{925F98AC-1D30-4BA3-AB4F-9ECE525B4DAA}.Debug|x86.ActiveCfg = Debug|Win32
		{925F98AC-1D30-4BA3-AB4F-9ECE525B4DAA}.Debug|x86.Build.0 = Debug|Win32
		{925F98AC-1D30-4BA3-AB4F-9ECE525B4DAA}.Release|x64.ActiveCfg = Release|x64
		{925F98AC-1D30-4BA3-AB4F-9ECE525B4DAA}.Release|x64.Build.0 = Release|x64
		{925F98AC-1D30-4BA3-AB4F-9ECE525B4DAA}.Release|x86.ActiveCfg = Release|Win32
		{925F98AC-1D30-4BA3-AB4F-9ECE525B4DAA}.Release|x86.Build.0 = Release|Win32
		{BE005B80-2C4E-469E-A058-45A55FF1D47D}.Debug|x64.ActiveCfg = Debug|x64
		{BE005B80-2C4E-469E-A058-45A55FF1D47D}.Debug|x64.Build.0 = Debug|x64
		{BE005B80-2C4E-469E-A058-45A55FF1D47D}.Debug|x86.ActiveCfg = Debug|Win32
		{BE005B80-2C4E-469E-A058-45A55FF1D47D}.Debug|x86.Build.0 = Debug|Win32
		{BE005B80-2C4E-469E-A058-45A55FF1D47D}.Release|x64.ActiveCfg = Release|x64
		{BE005B80-2C4E-469E-A058-45A55FF1D47D}.Release|x64.Build.0 = Release|x64
		{BE005B80-2C4E-469E-A058-45A55FF1D47D}.Release|x86.ActiveCfg = Release|Win32
		{BE005B80-2C4E-469E-A058-45A55FF1D47D}.Release|x86.Build.0 = Release|Win32
		{1634EA43-19CF-4303-BBA6-F394622118A1}.Debug|x64.ActiveCfg = Debug|x64
		{1634EA43-19CF-4303-BBA6-F394622118A1}.Debug|x64.Build.0 = Debug|x64
		{1634EA43-19CF-4303-BBA6-F394622118A1}.Debug|x86.ActiveCfg = Debug|Win32
		{1634EA43-19CF-4303-BBA6-F394622118A1}.Debug|x86.Build.0 = Debug|Win32
		{1634EA43-19CF-4303-BBA6-F394622118A1}.Release|x64.ActiveCfg = Release|x64
		{1634EA43-19CF-4303-BBA6-F394622118A1}.Release|x64.Build.0 = Release|x64
		{1634EA43-19CF-4303-BBA6-F394622118A1}.Release|x86.ActiveCfg = Release|Win32
		{1634EA43-19CF-4303-BBA6-F394622118A1}.Release|x86.Build.0 = Release|Win32
		{58C21340-0FA0-4575-B37E-A0090C620D9D}.Debug|x64.ActiveCfg = Debug|x64
		{58C21340-0FA0-4575-B37E-A0090C620D9D}.Debug|x64.Build.0 = Debug|x64
		{58C21340-0FA0-4575-B37E-A0090C620D9D}.Debug|x86.ActiveCfg = Debug|Win32
		{58C21340-0FA0-4575-B37E-A0090C620D9D}.Debug|x86.Build.0 = Debug|Win32
		{58C21340-0FA0-4575-B37E-A0090C620D9D}.Release|x64.ActiveCfg = Release|x64
		{58C21340-0FA0-4575-B37E-A0090C620D9D}.Release|x64.Build.0 = Release|x64
		{58C21340-0FA0-4575-B37E-A0090C620D9D}.Release|x86.ActiveCfg = Release|Win32
		{58C21340-0FA0-4575-B37E-A0090C620D9D}.Release|x86.Build.0 = Release|Win32
		{6B10DF22-DA6C-4FBD-8F7D-AA415AB5B1E2}.Debug|x64.ActiveCfg = Debug|x64
		{6B10DF22-DA6C-4FBD-8F7D-AA415AB5B1E2}.Debug|x64.Build.0 = Debug|x64
		{6B10DF22-DA6C-4FBD-8F7D-AA415AB5B1E2}.Debug|x86.ActiveCfg = Debug|Win32
		{6B10DF22-DA6C-4FBD-8F7D-AA415AB5B1E2}.Debug|x86.Build.0 = Debug|Win32
		{6B10DF22-DA6C-4FBD-8F7D-AA415AB5B1E2}.Release|x64.ActiveCfg = Release|x64
		{6B10DF22-DA6C-4FBD-8F7D-AA415AB5B1E2}.Release|x64.Build.0 = Release|x64
		{6B10DF22-DA6C-4FBD-8F7D-AA415AB5B1E2}.Release|x86.ActiveCfg = Release|Win32
		{6B10DF22-DA6C-4FBD-8F7D-AA415AB5B1E2}.Release|x86.Build.0 = Release|Win32
		{49612D9F-D969-44F9-815B-02BBD7D983E1}.Debug|x64.ActiveCfg = Debug|x64
		{49612D9F-D969-44F9-815B-02BBD7D983E1}.Debug|x64.Build.0 = Debug|x64
		{49612D9F-D969-44F9-815B-02BBD7D983E1}.Debug|x86.ActiveCfg = Debug|Win32
		{49612D9F-D969-44F9-815B-02BBD7D983E1}.Debug|x86.Build.0 = Debug|Win32
		{49612D9F-D969-44F9-815B-02BBD7D983E1}.Release|x64.ActiveCfg = Release|x64
		{49612D9F-D969-44F9-815B-02BBD7D983E1}.Release|x64.Build.0 = Release|x64
		{49612D9F-D969-44F9-815B-02BBD7D983E1}.Release|x86.ActiveCfg = Release|Win32
		{49612D9F-D969-44F9-815B-02BBD7D983E1}.Release|x86.Build.0 = Release|Win32
		{DEF1E286-5B8E-4D97-AE82-A8F7728BF6D1}.Debug|x64.ActiveCfg = Debug|x64
		{DEF1E286-5B8E-4D97-AE82-A8F7728BF6D1}.Debug|x64.Build.0 = Debug|x64
		{DEF1E286-5B8E-4D97-AE82-A8F7728BF6D1}.Debug|x86.ActiveCfg = Debug|Win32
		{DEF1E286-5B8E-4D97-AE82-A8F7728BF6D1}.Debug|x86.Build.0 = Debug|Win32
		{DEF1E286-5B8E-4D97-AE82-A8F7728BF6D1}.Release|x64.ActiveCfg = Release|x64
		{DEF1E286-5B8E-4D97-AE82-A8F7728BF6D1}.Release|x64.Build.0 = Release|x64
		{DEF1E286-5B8E-4D97-AE82-A8F7728BF6D1}.Release|x86.ActiveCfg = Release|Win32
		{DEF1E286-5B8E-4D97-AE82-A8F7728BF6D1}.Release|x86.Build.0 = Release|Win32
		{305DD1DC-D6AF-4A8A-A176-B0EA9C5B0FF2}.Debug|x64.ActiveCfg = Debug|x64
		{305DD1DC-D6AF-4A8A-A176-B0EA9C5B0FF2}.Debug|x64.Build.0 = Debug|x64
		{305DD1DC-D6AF-4A8A-A176-B0EA9C5B0FF2}.Debug|x86.ActiveCfg = Debug|Win32
		{305DD1DC-D6AF-4A8A-A176-B0EA9C5B0FF2}.Debug|x86.Build.0 = Debug|Win32
		{305DD1DC-D6AF-4A8A-A176-B0EA9C5B0FF2}.Release|x64.ActiveCfg = Release|x64
		{305DD1DC-D6AF-4A8A-A176-B0EA9C5B0FF2}.Release|x64.Build.0 = Release|x64
		{305DD1DC-D6AF-4A8A-A176-B0EA9C5B0FF2}.Release|x86.ActiveCfg = Release|Win32
		{305DD1DC-D6AF-4A8A-A176-B0EA9C5B0FF2}.Release|x86.Build.0 = Release|Win32
		{B1436B8B-3E67-4F7D-97C4-2ACD85A63166}.Debug|x64.ActiveCfg = Debug|x64
		{B1436B8B-3E67-4F7D-97C4-2ACD85A63166}.Debug|x64.Build.0 = Debug|x64
		{B1436B8B-3E67-4F7D-97C4-2ACD85A63166}.Debug|x86.ActiveCfg = Debug|Win32
		{B1436B8B-3E67-4F7D-97C4-2ACD85A63166}.Debug|x86.Build.0 = Debug|Win32
		{B1436B8B-3E67-4F7D-97C4-2ACD85A63166}.Release|x64.ActiveCfg = Release|x64
		{B1436B8B-3E67-4F7D-97C4-2ACD85A63166}.Release|x64.Build.0 = Release|x64
		{B1436B8B-3E67-4F7D-97C4-2ACD85A63166}.Release|x86.ActiveCfg = Release|Win32
		{B1436B8B-3E67-4F7D-97C4-2ACD85A63166}.Release|x86.Build.0 = Release|Win32
		{4F4189D8-EB6F-4CE5-8D68-AF14A042A5AA}.Debug|x64.ActiveCfg = Debug|x64
		{4F4189D8-EB6F-4CE5-8D68-AF14A042A5AA}.Debug|x64.Build.0 = Debug|x64
		{4F4189D8-EB6F-4CE5-8D68-AF14A042A5AA}.Debug|x86.ActiveCfg = Debug|Win32
		{4F4189D8-EB6F-4CE5-8D68-AF14A042A5AA}.Debug|x86.Build.0 = Debug|Win32
		{4F4189D8-EB6F-4CE5-8D68-AF14A042A5AA}.Release|x64.ActiveCfg = Release|x64
		{4F4189D8-EB6F-4CE5-8D68-AF14A042A5AA}.Release|x64.Build.0 = Release|x64
		{4F4189D8-EB6F-4CE5-8D68-AF14A042A5AA}.Release|x86.ActiveCfg = Release|Win32
		{4F4189D8-EB6F-4CE5-8D68-AF14A042A5AA}.Release|x86.Build.0 = Release|Win32
		{EB5FC754-BC16-4B5E-80C3-3D7AC23A63D2}.Debug|x64.ActiveCfg = Debug|x64
		{EB5FC754-BC16-4B5E-80C3-3D7AC23A63D2}.Debug|x64.Build.0 = Debug|x64
		{EB5FC754-BC16-4B5E-80C3-3D7AC23A63D2}.Debug|x86.ActiveCfg = Debug|Win32
		{EB5FC754-BC16-4B5E-80C3-3D7AC23A63D2}.Debug|x86.Build.0 = Debug|Win32
		{EB5FC754-BC16-4B5E-80C3-3D7AC23A63D2}.Release|x64.ActiveCfg = Release|x64
		{EB5FC754-BC16-4B5E-80C3-3D7AC23A63D2}.Release|x64.Build.0 = Release|x64
		{EB5FC754-BC16-4B5E-80C3-3D7AC23A63D2}.Release|x86.ActiveCfg = Release|Win32
		{EB5FC754-BC16-4B5E-80C3-3D7AC23A63D2}.Release|x86.Build.0 = Release|Win32
		{4EBF5131-F65F-4F3B-8C78-A9706EE1F495}.Debug|x64.ActiveCfg = Debug|x64
		{4EBF5131-F65F-4F3B-8C78-A9706EE1F495}.Debug|x64.Build.0 = Debug|x64
		{4EBF5131-F65F-4F3B-8C78-A9706EE1F495}.Debug|x86.ActiveCfg = Debug|Win32
		{4EBF5131-F65F-4F3B-8C78-A9706EE1F495}.Debug|x86.Build.0 = Debug|Win32
		{4EBF5131-F65F-4F3B-8C78-A9706EE1F495}.Release|x64.ActiveCfg = Release|x64
		{4EBF5131-F65F-4F3B-8C78-A9706EE1F495}.Release|x64.Build.0 = Release|x64
		{4EBF5131-F65F-4F3B-8C78-A9706EE1F495}.Release|x86.ActiveCfg = Release|Win32
		{4EBF5131-F65F-4F3B-8C78-A9706EE1F495}.Release|x86.Build.0 = Release|Win32
		{A740815A-4E10-4116-A01E-73D71286FBA6}.Debug|x64.ActiveCfg = Debug|x64
		{A740815A-4E10-4116-A01E-73D71286FBA6}.Debug|x64.Build.0 = Debug|x64
		{A740815A-4E10-4116-A01E-73D71286FBA6}.Debug|x86.ActiveCfg = Debug|Win32
		{A740815A-4E10-4116-A01E-73D71286FBA6}.Debug|x86.Build.0 = Debug|Win32
		{A740815A-4E10-4116-A01E-73D71286FBA6}.Release|x64.ActiveCfg = Release|x64
		{A740815A-4E10-4116-A01E-73D71286FBA6}.Release|x64.Build.0 = Release|x64
		{A740815A-4E10-4116-A01E-73D71286FBA6}.Release|x86.ActiveCfg = Release|Win32
		{A740815A-4E10-4116-A01E-73D71286FBA6}.Release|x86.Build.0 = Release|Win32
		{26B24EFB-1E93-4AC1-AB9C-D80C9FA76D0F}.Debug|x64.ActiveCfg = Debug|x64
		{26B24EFB-1E93-4AC1-AB9C-D80C9FA76D0F}.Debug|x64.Build.0 = Debug|x64
		{26B24EFB-1E93-4AC1-AB9C-D80C9FA76D0F}.Debug|x86.ActiveCfg = Debug|Win32
		{26B24EFB-1E93-4AC1-AB9C-D80C9FA76D0F}.Debug|x86.Build.0 = Debug|Win32
		{26B24EFB-1E93-4AC1-AB9C-D80C9FA76D0F}.Release|x64.ActiveCfg = Release|x64
		{26B24EFB-1E93-4AC1-AB9C-D80C9FA76D0F}.Release|x64.Build.0 = Release|x64
		{26B24EFB-1E93-4AC1-AB9C-D80C9FA76D0F}.Release|x86.ActiveCfg = Release|Win32
		{26B24EFB-1E93-4AC1-AB9C-D80C9FA76D0F}.Release|x86.Build.0 = Release|Win32
		{37248D29-4153-4C53-9BB8-DD16AB36C257}.Debug|x64.ActiveCfg = Debug|x64
		{37248D29-4153-4C53-9BB8-DD16AB36C257}.Debug|x64.Build.0 = Debug|x64
		{37248D29-4153-4C53-9BB8-DD16AB36C257}.Debug|x86.ActiveCfg = Debug|Win32
		{37248D29-4153-4C53-9BB8-DD16AB36C257}.Debug|x86.Build.0 = Debug|Win32
		{37248D29-4153-4C53-9BB8-DD16AB36C257}.Release|x64.ActiveCfg = Release|x64
		{37248D29-4153-4C53-9BB8-DD16AB36C257}.Release|x64.Build.0 = Release|x64
		{37248D29-4153-4C53-9BB8-DD16AB36C257}.Release|x86.ActiveCfg = Release|Win32
		{37248D29-4153-4C53-9BB8-DD16AB36C257}.Release|x86.Build.0 = Release|Win32
		{612FEB34-2182-4502-9636-433F693FBF9A}.Debug|x64.ActiveCfg = Debug|x64
		{612FEB34-2182-4502-9636-433F693FBF9A}.Debug|x64.Build.0 = Debug|x64
		{612FEB34-2182-4502-9636-433F693FBF9A}.Debug|x86.ActiveCfg = Debug|Win32
		{612FEB34-2182-4502-9636-433F693FBF9A}.Debug|x86.Build.0 = Debug|Win32
		{612FEB34-2182-4502-9636-433F693FBF9A}.Release|x64.ActiveCfg = Release|x64
		{612FEB34-2182-4502-9636-433F693FBF9A}.Release|x64.Build.0 = Release|x64
		{612FEB34-2182-4502-9636-433F693FBF9A}.Release|x86.ActiveCfg = Release|Win32
		{612FEB34-2182-4502-9636-433F693FBF9A}.Release|x86.Build.0 = Release|Win32
		{AD893995-2E53-40C2-A654-30AF1B3845FA}.Debug|x64.ActiveCfg = Debug|x64
		{AD893995-2E53-40C2-A654-30AF1B3845FA}.Debug|x64.Build.0 = Debug|x64
		{AD893995-2E53-40C2-A654-30AF1B3845FA}.Debug|x86.ActiveCfg = Debug|Win32
		{AD893995-2E53-40C2-A654-30AF1B3845FA}.Debug|x86.Build.0 = Debug|Win32
		{AD893995-2E53-40C2-A654-30AF1B3845FA}.Release|x64.ActiveCfg = Release|x64
		{AD893995-2E53-40C2-A654-30AF1B3845FA}.Release|x64.Build.0 = Release|x64
		{AD893995-2E53-40C2-A654-30AF1B3845FA}.Release|x86.ActiveCfg = Release|Win32
		{AD893995-2E53-40C2-A654-30AF1B3845FA}.Release|x86.Build.0 = Release|Win32
		{B2C35A5F-51F5-4981-AE0F-C821862A8447}.Debug|x64.ActiveCfg = Debug|x64
		{B2C35A5F-51F5-4981-AE0F-C821862A8447}.Debug|x64.Build.0 = Debug|x64
		{B2C35A5F-51F5-4981-AE0F-C821862A8447}.Debug|x86.ActiveCfg = Debug|Win32
		{B2C35A5F-51F5-4981-AE0F-C821862A8447}.Debug|x86.Build.0 = Debug|Win32
		{B2C35A5F-51F5-4981-AE0F-C821862A8447}.Release|x64.ActiveCfg = Release|x64
		{B2C35A5F-51F5-4981-AE0F-C821862A8447}.Release|x64.Build.0 = Release|x64
		{B2C35A5F-51F5-4981-AE0F-C821862A8447}.Release|x86.ActiveCfg = Release|Win32
		{B2C35A5F-51F5-4981-AE0F-C821862A8447}.Release|x86.Build.0 = Release|Win32
		{CBF3D520-CA24-4BD5-9185-29D0D2F563B1}.Debug|x64.ActiveCfg = Debug|x64
		{CBF3D520-CA24-4BD5-9185-29D0D2F563B1}.Debug|x64.Build.0 = Debug|x64
		{CBF3D520-CA24-4BD5-9185-29D0D2F563B1}.Debug|x86.ActiveCfg = Debug|Win32
		{CBF3D520-CA24-4BD5-9185-29D0D2F563B1}.Debug|x86.Build.0 = Debug|Win32
		{CBF3D520-CA24-4BD5-9185-29D0D2F563B1}.Release|x64.ActiveCfg = Release|x64
		{CBF3D520-CA24-4BD5-9185-29D0D2F563B1}.Release|x64.Build.0 = Release|x64
		{CBF3D520-CA24-4BD5-9185-29D0D2F563B1}.Release|x86.ActiveCfg = Release|Win32
		{CBF3D520-CA24-4BD5-9185-29D0D2F563B1}.Release|x86.Build.0 = Release|Win32
		{1A35DBFD-92B2-4408-90BF-B0CDC9351C47}.Debug|x64.ActiveCfg = Debug|x64
		{1A35DBFD-92B2-4408-90BF-B0CDC9351C47}.Debug|x64.Build.0 = Debug|x64
		{1A35DBFD-92B2-4408-90BF-B0CDC9351C47}.Debug|x86.ActiveCfg = Debug|Win32
		{1A35DBFD-92B2-4408-90BF-B0CDC9351C47}.Debug|x86.Build.0 = Debug|Win32
		{1A35DBFD-92B2-4408-90BF-B0CDC9351C47}.Release|x64.ActiveCfg = Release|x64
		{1A35DBFD-92B2-4408-90BF-B0CDC9351C47}.Release|x64.Build.0 = Release|x64
		{1A35DBFD-92B2-4408-90BF-B0CDC9351C47}.Release|x86.ActiveCfg = Release|Win32
		{1A35DBFD-92B2-4408-90BF-B0CDC9351C47}.Release|x86.Build.0 = Release|Win32
		{A80AB8D9-7889-40E2-9C56-7BA0BD737F90}.Debug|x64.ActiveCfg = Debug|x64
		{A80AB8D9-7889-40E2-9C56-7BA0BD737F90}.Debug|x64.Build.0 = Debug|x64
		{A80AB8D9-7889-40E2-9C56-7BA0BD737F90}.Debug|x86.ActiveCfg = Debug|Win32
		{A80AB8D9-7889-40E2-9C56-7BA0BD737F90}.Debug|x86.Build.0 = Debug|Win32
		{A80AB8D9-7889-40E2-9C56-7BA0BD737F90}.Release|x64.ActiveCfg = Release|x64
		{A80AB8D9-7889-40E2-9C56-7BA0BD737F90}.Release|x64.Build.0 = Release|x64
		{A80AB8D9-7889-40E2-9C56-7BA0BD737F90}.Release|x86.ActiveCfg = Release|Win32
		{A80AB8D9-7889-40E2-9C56-7BA0BD737F90}.Release|x86.Build.0 = Release|Win32
		{98EF9677-4FE1-4F81-8A8C-05F5C44E9E9A}.Debug|x64.ActiveCfg = Debug|x64
		{98EF9677-4FE1-4F81-8A8C-05F5C44E9E9A}.Debug|x64.Build.0 = Debug|x64
		{98EF9677-4FE1-4F81-8A8C-05F5C44E9E9A}.Debug|x86.ActiveCfg = Debug|Win32
		{98EF9677-4FE1-4F81-8A8C-05F5C44E9E9A}.Debug|x86.Build.0 = Debug|Win32
		{98EF9677-4FE1-4F81-8A8C-05F5C44E9E9A}.Release|x64.ActiveCfg = Release|x64
		{98EF9677-4FE1-4F81-8A8C-05F5C44E9E9A}.Release|x64.Build.0 = Release|x64
		{98EF9677-4FE1-4F81-8A8C-05F5C44E9E9A}.Release|x86.ActiveCfg = Release|Win32
		{98EF9677-4FE1-4F81-8A8C-05F5C44E9E9A}.Release|x86.Build.0 = Release|Win32
		{8C9CFF2A-CF95-4FDD-B398-BDB87E8F6E00}.Debug|x64.ActiveCfg = Debug|x64
		{8C9CFF2A-CF95-4FDD-B398-BDB87E8F6E00}.Debug|x64.Build.0 = Debug|x64
		{8C9CFF2A-CF95-4FDD-B398-BDB87E8F6E00}.Debug|x86.ActiveCfg = Debug|Win32
		{8C9CFF2A-CF95-4FDD-B398-BDB87E8F6E00}.Debug|x86.Build.0 = Debug|Win32
		{8C9CFF2A-CF95-4FDD-B398-BDB87E8F6E00}.Release|x64.ActiveCfg = Release|x64
		{8C9CFF2A-CF95-4FDD-B398-BDB87E8F6E00}.Release|x64.Build.0 = Release|x64
		{8C9CFF2A-CF95-4FDD-B398-BDB87E8F6E00}.Release|x86.ActiveCfg = Release|Win32
		{8C9CFF2A-CF95-4FDD-B398-BDB87E8F6E00}.Release|x86.Build.0 = Release|Win32
		{A32E167A-F3A2-40AA-BF47-A0E6BFDFADE8}.Debug|x64.ActiveCfg = Debug|x64
		{A32E167A-F3A2-40AA-BF47-A0E6BFDFADE8}.Debug|x64.Build.0 = Debug|x64
		{A32E167A-F3A2-40AA-BF47-A0E6BFDFADE8}.Debug|x86.ActiveCfg = Debug|Win32
		{A32E167A-F3A2-40AA-BF47-A0E6BFDFADE8}.Debug|x86.Build.0 = Debug|Win32
		{A32E167A-F3A2-40AA-BF47-A0E6BFDFADE8}.Release|x64.ActiveCfg = Release|x64
		{A32E167A-F3A2-40AA-BF47-A0E6BFDFADE8}.Release|x64.Build.0 = Release|x64
		{A32E167A-F3A2-40AA-BF47-A0E6BFDFADE8}.Release|x86.ActiveCfg = Release|Win32
		{A32E167A-F3A2-40AA-BF47-A0E6BFDFADE8}.Release|x86.Build.0 = Release|Win32
		{D997B749-2EC6-4B92-8CCB-B2749DD5F2EB}.Debug|x64.ActiveCfg = Debug|x64
		{D997B749-2EC6-4B92-8CCB-B2749DD5F2EB}.Debug|x64.Build.0 = Debug|x64
		{D997B749-2EC6-4B92-8CCB-B2749DD5F2EB}.Debug|x86.ActiveCfg = Debug|Win32
		{D997B749-2EC6-4B92-8CCB-B2749DD5F2EB}.Debug|x86.Build.0 = Debug|Win32
		{D997B749-2EC6-4B92-8CCB-B2749DD5F2EB}.Release|x64.ActiveCfg = Release|x64
		{D997B749-2EC6-4B92-8CCB-B2749DD5F2EB}.Release|x64.Build.0 = Release|x64
		{D997B749-2EC6-4B92-8CCB-B2749DD5F2EB}.Release|x86.ActiveCfg = Release|Win32
		{D997B749-2EC6-4B92-8CCB-B2749DD5F2EB}.Release|x86.Build.0 = Release|Win32
		{919EF2C1-CE76-4F73-9248-02B2EBCC083C}.Debug|x64.ActiveCfg = Debug|x64
		{919EF2C1-CE76-4F73-9248-02B2EBCC083C}.Debug|x64.Build.0 = Debug|x64
		{919EF2C1-CE76-4F73-9248-02B2EBCC083C}.Debug|x86.ActiveCfg = Debug|Win32
		{919EF2C1-CE76-4F73-9248-02B2EBCC083C}.Debug|x86.Build.0 = Debug|Win32
		{919EF2C1-CE76-4F73-9248-02B2EBCC083C}.Release|x64.ActiveCfg = Release|x64
		{919EF2C1-CE76-4F73-9248-02B2EBCC083C}.Release|x64.Build.0 = Release|x64
		{919EF2C1-CE76-4F73-9248-02B2EBCC083C}.Release|x86.ActiveCfg = Release|Win32
		{919EF2C1-CE76-4F73-9248-02B2EBCC083C}.Release|x86.Build.0 = Release|Win32
		{AD5D1C0F-A022-4617-97E1-FD23C742105C}.Debug|x64.ActiveCfg = Debug|x64
		{AD5D1C0F-A022-4617-97E1-FD23C742105C}.Debug|x64.Build.0 = Debug|x64
		{AD5D1C0F-A022-4617-97E1-FD23C742105C}.Debug|x86.ActiveCfg = Debug|Win32
		{AD5D1C0F-A022-4617-97E1-FD23C742105C}.Debug|x86.Build.0 = Debug|Win32
		{AD5D1C0F-A022-4617-97E1-FD23C742105C}.Release|x64.ActiveCfg = Release|x64
		{AD5D1C0F-A022-4617-97E1-FD23C742105C}.Release|x64.Build.0 = Release|x64
		{AD5D1C0F-A022-4617-97E1-FD23C742105C}.Release|x86.ActiveCfg = Release|Win32
		{AD5D1C0F-A022-4617-97E1-FD23C742105C}.Release|x86.Build.0 = Release|Win32
		{247F4E11-FD5C-41A3-ACD5-8A74788221BA}.Debug|x64.ActiveCfg = Debug|x64
		{247F4E11-FD5C-41A3-ACD5-8A74788221BA}.Debug|x64.Build.0 = Debug|x64
		{247F4E11-FD5C-41A3-ACD5-8A74788221BA}.Debug|x86.ActiveCfg = Debug|Win32
		{247F4E11-FD5C-41A3-ACD5-8A74788221BA}.Debug|x86.Build.0 = Debug|Win32
		{247F4E11-FD5C-41A3-ACD5-8A74788221BA}.Release|x64.ActiveCfg = Release|x64
		{247F4E11-FD5C-41A3-ACD5-8A74788221BA}.Release|x64.Build.0 = Release|x64
		{247F4E11-FD5C-41A3-ACD5-8A74788221BA}.Release|x86.ActiveCfg = Release|Win32
		{247F4E11-FD5C-41A3-ACD5-8A74788221BA}.Release|x86.Build.0 = Release|Win32
		{FDC98D19-C592-42EF-8043-A7A9B6D0DE0D}.Debug|x64.ActiveCfg = Debug|x64
		{FDC98D19-C592-42EF-8043-A7A9B6D0DE0D}.Debug|x64.Build.0 = Debug|x64
		{FDC98D19-C592-42EF-8043-A7A9B6D0DE0D}.Debug|x86.ActiveCfg = Debug|Win32
		{FDC98D19-C592-42EF-8043-A7A9B6D0DE0D}.Debug|x86.Build.0 = Debug|Win32
		{FDC98D19-C592-42EF-8043-A7A9B6D0DE0D}.Release|x64.ActiveCfg = Release|x64
		{FDC98D19-C592-42EF-8043-A7A9B6D0DE0D}.Release|x64.Build.0 = Release|x64
		{FDC98D19-C592-42EF-8043-A7A9B6D0DE0D}.Release|x86.ActiveCfg = Release|Win32
		{FDC98D19-C592-42EF-8043-A7A9B6D0DE0D}.Release|x86.Build.0 = Release|Win32
		{242B7B8E-2AEC-4EF4-B7E9-450C2ADCAB06}.Debug|x64.ActiveCfg = Debug|x64
		{242B7B8E-2AEC-4EF4-B7E9-450C2ADCAB06}.Debug|x64.Build.0 = Debug|x64
		{242B7B8E-2AEC-4EF4-B7E9-450C2ADCAB06}.Debug|x86.ActiveCfg = Debug|Win32
		{242B7B8E-2AEC-4EF4-B7E9-450C2ADCAB06}.Debug|x86.Build.0 = Debug|Win32
		{242B7B8E-2AEC-4EF4-B7E9-450C2ADCAB06}.Release|x64.ActiveCfg = Release|x64
		{242B7B8E-2AEC-4EF4-B7E9-450C2ADCAB06}.Release|x64.Build.0 = Release|x64
		{242B7B8E-2AEC-4EF4-B7E9-450C2ADCAB06}.Release|x86.ActiveCfg = Release|Win32
		{242B7B8E-2AEC-4EF4-B7E9-450C2ADCAB06}.Release|x86.Build.0 = Release|Win32
	EndGlobalSection
	GlobalSection(SolutionProperties) = preSolution
		HideSolutionNode = FALSE
	EndGlobalSection
	GlobalSection(NestedProjects) = preSolution
		{6FE9DCA5-B3F2-4593-B71E-3B9BC3A59723} = {2792D0F3-D3E2-4F97-9B1F-34D227B1CDC3}
		{6B5A63C3-8C99-4E9E-BFAC-4F81B3E716A7} = {6FE9DCA5-B3F2-4593-B71E-3B9BC3A59723}
		{1F1D3F09-1D6D-4679-8BC6-002086DB47F7} = {A97B1356-3EAC-40A4-B591-E557CA356147}
		{8DD89D2D-9DC4-4BAC-A310-EF8369D4035F} = {6FE9DCA5-B3F2-4593-B71E-3B9BC3A59723}
		{925F98AC-1D30-4BA3-AB4F-9ECE525B4DAA} = {2943D6FC-5010-421B-9250-B7CC6BB2E118}
		{BE005B80-2C4E-469E-A058-45A55FF1D47D} = {A97B1356-3EAC-40A4-B591-E557CA356147}
		{1634EA43-19CF-4303-BBA6-F394622118A1} = {2943D6FC-5010-421B-9250-B7CC6BB2E118}
		{58C21340-0FA0-4575-B37E-A0090C620D9D} = {6FE9DCA5-B3F2-4593-B71E-3B9BC3A59723}
		{6B10DF22-DA6C-4FBD-8F7D-AA415AB5B1E2} = {A97B1356-3EAC-40A4-B591-E557CA356147}
		{49612D9F-D969-44F9-815B-02BBD7D983E1} = {2943D6FC-5010-421B-9250-B7CC6BB2E118}
		{DEF1E286-5B8E-4D97-AE82-A8F7728BF6D1} = {6FE9DCA5-B3F2-4593-B71E-3B9BC3A59723}
		{305DD1DC-D6AF-4A8A-A176-B0EA9C5B0FF2} = {6FE9DCA5-B3F2-4593-B71E-3B9BC3A59723}
		{B1436B8B-3E67-4F7D-97C4-2ACD85A63166} = {A97B1356-3EAC-40A4-B591-E557CA356147}
		{4F4189D8-EB6F-4CE5-8D68-AF14A042A5AA} = {2943D6FC-5010-421B-9250-B7CC6BB2E118}
		{EB5FC754-BC16-4B5E-80C3-3D7AC23A63D2} = {6FE9DCA5-B3F2-4593-B71E-3B9BC3A59723}
		{4EBF5131-F65F-4F3B-8C78-A9706EE1F495} = {A97B1356-3EAC-40A4-B591-E557CA356147}
		{A740815A-4E10-4116-A01E-73D71286FBA6} = {2943D6FC-5010-421B-9250-B7CC6BB2E118}
		{26B24EFB-1E93-4AC1-AB9C-D80C9FA76D0F} = {6FE9DCA5-B3F2-4593-B71E-3B9BC3A59723}
		{37248D29-4153-4C53-9BB8-DD16AB36C257} = {A97B1356-3EAC-40A4-B591-E557CA356147}
		{C71464D8-AE5F-4354-9851-980F5FCBB29B} = {2792D0F3-D3E2-4F97-9B1F-34D227B1CDC3}
		{612FEB34-2182-4502-9636-433F693FBF9A} = {C71464D8-AE5F-4354-9851-980F5FCBB29B}
		{AD893995-2E53-40C2-A654-30AF1B3845FA} = {A97B1356-3EAC-40A4-B591-E557CA356147}
		{52CE28A7-6D1A-4927-AD27-3842DCBC0743} = {2792D0F3-D3E2-4F97-9B1F-34D227B1CDC3}
		{B2C35A5F-51F5-4981-AE0F-C821862A8447} = {52CE28A7-6D1A-4927-AD27-3842DCBC0743}
		{CBF3D520-CA24-4BD5-9185-29D0D2F563B1} = {A97B1356-3EAC-40A4-B591-E557CA356147}
		{1A35DBFD-92B2-4408-90BF-B0CDC9351C47} = {6FE9DCA5-B3F2-4593-B71E-3B9BC3A59723}
		{A80AB8D9-7889-40E2-9C56-7BA0BD737F90} = {A97B1356-3EAC-40A4-B591-E557CA356147}
		{98EF9677-4FE1-4F81-8A8C-05F5C44E9E9A} = {2943D6FC-5010-421B-9250-B7CC6BB2E118}
		{96CA3B10-910A-40DF-8AEC-9FF2D485FCF0} = {2792D0F3-D3E2-4F97-9B1F-34D227B1CDC3}
		{8C9CFF2A-CF95-4FDD-B398-BDB87E8F6E00} = {96CA3B10-910A-40DF-8AEC-9FF2D485FCF0}
		{A32E167A-F3A2-40AA-BF47-A0E6BFDFADE8} = {2943D6FC-5010-421B-9250-B7CC6BB2E118}
		{D997B749-2EC6-4B92-8CCB-B2749DD5F2EB} = {A97B1356-3EAC-40A4-B591-E557CA356147}
		{919EF2C1-CE76-4F73-9248-02B2EBCC083C} = {A97B1356-3EAC-40A4-B591-E557CA356147}
		{43D131C6-4708-49D2-B385-1803E470DB82} = {2792D0F3-D3E2-4F97-9B1F-34D227B1CDC3}
		{AD5D1C0F-A022-4617-97E1-FD23C742105C} = {43D131C6-4708-49D2-B385-1803E470DB82}
		{247F4E11-FD5C-41A3-ACD5-8A74788221BA} = {2943D6FC-5010-421B-9250-B7CC6BB2E118}
		{00E7A9E3-B8A0-402F-82C0-A54EBA4FD86E} = {2792D0F3-D3E2-4F97-9B1F-34D227B1CDC3}
		{FDC98D19-C592-42EF-8043-A7A9B6D0DE0D} = {00E7A9E3-B8A0-402F-82C0-A54EBA4FD86E}
		{242B7B8E-2AEC-4EF4-B7E9-450C2ADCAB06} = {A97B1356-3EAC-40A4-B591-E557CA356147}
	EndGlobalSection
	GlobalSection(ExtensibilityGlobals) = postSolution
		SolutionGuid = {83EEE417-9039-4161-A830-DDDEECE454CD}
	EndGlobalSection
EndGlobal
