
Microsoft Visual Studio Solution File, Format Version 12.00
# Visual Studio 15
VisualStudioVersion = 15.0.27004.2005
MinimumVisualStudioVersion = 10.0.40219.1
Project("{2150E333-8FDC-42A3-9474-1A3956D46DE8}") = "Tree", "Tree", "{6FE9DCA5-B3F2-4593-B71E-3B9BC3A59723}"
EndProject
Project("{2150E333-8FDC-42A3-9474-1A3956D46DE8}") = "Client", "Client", "{A97B1356-3EAC-40A4-B591-E557CA356147}"
EndProject
Project("{2150E333-8FDC-42A3-9474-1A3956D46DE8}") = "Lib", "Lib", "{2792D0F3-D3E2-4F97-9B1F-34D227B1CDC3}"
EndProject
Project("{8BC9CEB8-8B4A-11D0-8D11-00A0C91BC942}") = "BinaryTree", "Lib\BinaryTree\BinaryTree.vcxproj", "{6B5A63C3-8C99-4E9E-BFAC-4F81B3E716A7}"
EndProject
Project("{8BC9CEB8-8B4A-11D0-8D11-00A0C91BC942}") = "BinaryTree", "Client\BinaryTree\BinaryTree.vcxproj", "{1F1D3F09-1D6D-4679-8BC6-002086DB47F7}"
EndProject
Project("{8BC9CEB8-8B4A-11D0-8D11-00A0C91BC942}") = "BST", "Lib\BST\BST.vcxproj", "{8DD89D2D-9DC4-4BAC-A310-EF8369D4035F}"
EndProject
Project("{2150E333-8FDC-42A3-9474-1A3956D46DE8}") = "Test", "Test", "{2943D6FC-5010-421B-9250-B7CC6BB2E118}"
EndProject
Project("{8BC9CEB8-8B4A-11D0-8D11-00A0C91BC942}") = "BinaryTree", "Test\BinaryTree\BinaryTree.vcxproj", "{925F98AC-1D30-4BA3-AB4F-9ECE525B4DAA}"
EndProject
Project("{8BC9CEB8-8B4A-11D0-8D11-00A0C91BC942}") = "BST", "Client\BST\BST.vcxproj", "{BE005B80-2C4E-469E-A058-45A55FF1D47D}"
EndProject
Project("{8BC9CEB8-8B4A-11D0-8D11-00A0C91BC942}") = "BST", "Test\BST\BST.vcxproj", "{1634EA43-19CF-4303-BBA6-F394622118A1}"
EndProject
Project("{8BC9CEB8-8B4A-11D0-8D11-00A0C91BC942}") = "AVL", "Lib\AVL\AVL.vcxproj", "{58C21340-0FA0-4575-B37E-A0090C620D9D}"
EndProject
Project("{8BC9CEB8-8B4A-11D0-8D11-00A0C91BC942}") = "AVL", "Client\AVL\AVL.vcxproj", "{6B10DF22-DA6C-4FBD-8F7D-AA415AB5B1E2}"
EndProject
Global
	GlobalSection(SolutionConfigurationPlatforms) = preSolution
		Debug|x64 = Debug|x64
		Debug|x86 = Debug|x86
		Release|x64 = Release|x64
		Release|x86 = Release|x86
	EndGlobalSection
	GlobalSection(ProjectConfigurationPlatforms) = postSolution
		{6B5A63C3-8C99-4E9E-BFAC-4F81B3E716A7}.Debug|x64.ActiveCfg = Debug|x64
		{6B5A63C3-8C99-4E9E-BFAC-4F81B3E716A7}.Debug|x64.Build.0 = Debug|x64
		{6B5A63C3-8C99-4E9E-BFAC-4F81B3E716A7}.Debug|x86.ActiveCfg = Debug|Win32
		{6B5A63C3-8C99-4E9E-BFAC-4F81B3E716A7}.Debug|x86.Build.0 = Debug|Win32
		{6B5A63C3-8C99-4E9E-BFAC-4F81B3E716A7}.Release|x64.ActiveCfg = Release|x64
		{6B5A63C3-8C99-4E9E-BFAC-4F81B3E716A7}.Release|x64.Build.0 = Release|x64
		{6B5A63C3-8C99-4E9E-BFAC-4F81B3E716A7}.Release|x86.ActiveCfg = Release|Win32
		{6B5A63C3-8C99-4E9E-BFAC-4F81B3E716A7}.Release|x86.Build.0 = Release|Win32
		{1F1D3F09-1D6D-4679-8BC6-002086DB47F7}.Debug|x64.ActiveCfg = Debug|x64
		{1F1D3F09-1D6D-4679-8BC6-002086DB47F7}.Debug|x64.Build.0 = Debug|x64
		{1F1D3F09-1D6D-4679-8BC6-002086DB47F7}.Debug|x86.ActiveCfg = Debug|Win32
		{1F1D3F09-1D6D-4679-8BC6-002086DB47F7}.Debug|x86.Build.0 = Debug|Win32
		{1F1D3F09-1D6D-4679-8BC6-002086DB47F7}.Release|x64.ActiveCfg = Release|x64
		{1F1D3F09-1D6D-4679-8BC6-002086DB47F7}.Release|x64.Build.0 = Release|x64
		{1F1D3F09-1D6D-4679-8BC6-002086DB47F7}.Release|x86.ActiveCfg = Release|Win32
		{1F1D3F09-1D6D-4679-8BC6-002086DB47F7}.Release|x86.Build.0 = Release|Win32
		{8DD89D2D-9DC4-4BAC-A310-EF8369D4035F}.Debug|x64.ActiveCfg = Debug|x64
		{8DD89D2D-9DC4-4BAC-A310-EF8369D4035F}.Debug|x64.Build.0 = Debug|x64
		{8DD89D2D-9DC4-4BAC-A310-EF8369D4035F}.Debug|x86.ActiveCfg = Debug|Win32
		{8DD89D2D-9DC4-4BAC-A310-EF8369D4035F}.Debug|x86.Build.0 = Debug|Win32
		{8DD89D2D-9DC4-4BAC-A310-EF8369D4035F}.Release|x64.ActiveCfg = Release|x64
		{8DD89D2D-9DC4-4BAC-A310-EF8369D4035F}.Release|x64.Build.0 = Release|x64
		{8DD89D2D-9DC4-4BAC-A310-EF8369D4035F}.Release|x86.ActiveCfg = Release|Win32
		{8DD89D2D-9DC4-4BAC-A310-EF8369D4035F}.Release|x86.Build.0 = Release|Win32
		{925F98AC-1D30-4BA3-AB4F-9ECE525B4DAA}.Debug|x64.ActiveCfg = Debug|x64
		{925F98AC-1D30-4BA3-AB4F-9ECE525B4DAA}.Debug|x64.Build.0 = Debug|x64
		{925F98AC-1D30-4BA3-AB4F-9ECE525B4DAA}.Debug|x86.ActiveCfg = Debug|Win32
		{925F98AC-1D30-4BA3-AB4F-9ECE525B4DAA}.Debug|x86.Build.0 = Debug|Win32
		{925F98AC-1D30-4BA3-AB4F-9ECE525B4DAA}.Release|x64.ActiveCfg = Release|x64
		{925F98AC-1D30-4BA3-AB4F-9ECE525B4DAA}.Release|x64.Build.0 = Release|x64
		{925F98AC-1D30-4BA3-AB4F-9ECE525B4DAA}.Release|x86.ActiveCfg = Release|Win32
		{925F98AC-1D30-4BA3-AB4F-9ECE525B4DAA}.Release|x86.Build.0 = Release|Win32
		{BE005B80-2C4E-469E-A058-45A55FF1D47D}.Debug|x64.ActiveCfg = Debug|x64
		{BE005B80-2C4E-469E-A058-45A55FF1D47D}.Debug|x64.Build.0 = Debug|x64
		{BE005B80-2C4E-469E-A058-45A55FF1D47D}.Debug|x86.ActiveCfg = Debug|Win32
		{BE005B80-2C4E-469E-A058-45A55FF1D47D}.Debug|x86.Build.0 = Debug|Win32
		{BE005B80-2C4E-469E-A058-45A55FF1D47D}.Release|x64.ActiveCfg = Release|x64
		{BE005B80-2C4E-469E-A058-45A55FF1D47D}.Release|x64.Build.0 = Release|x64
		{BE005B80-2C4E-469E-A058-45A55FF1D47D}.Release|x86.ActiveCfg = Release|Win32
		{BE005B80-2C4E-469E-A058-45A55FF1D47D}.Release|x86.Build.0 = Release|Win32
		{1634EA43-19CF-4303-BBA6-F394622118A1}.Debug|x64.ActiveCfg = Debug|x64
		{1634EA43-19CF-4303-BBA6-F394622118A1}.Debug|x64.Build.0 = Debug|x64
		{1634EA43-19CF-4303-BBA6-F394622118A1}.Debug|x86.ActiveCfg = Debug|Win32
		{1634EA43-19CF-4303-BBA6-F394622118A1}.Debug|x86.Build.0 = Debug|Win32
		{1634EA43-19CF-4303-BBA6-F394622118A1}.Release|x64.ActiveCfg = Release|x64
		{1634EA43-19CF-4303-BBA6-F394622118A1}.Release|x64.Build.0 = Release|x64
		{1634EA43-19CF-4303-BBA6-F394622118A1}.Release|x86.ActiveCfg = Release|Win32
		{1634EA43-19CF-4303-BBA6-F394622118A1}.Release|x86.Build.0 = Release|Win32
		{58C21340-0FA0-4575-B37E-A0090C620D9D}.Debug|x64.ActiveCfg = Debug|x64
		{58C21340-0FA0-4575-B37E-A0090C620D9D}.Debug|x64.Build.0 = Debug|x64
		{58C21340-0FA0-4575-B37E-A0090C620D9D}.Debug|x86.ActiveCfg = Debug|Win32
		{58C21340-0FA0-4575-B37E-A0090C620D9D}.Debug|x86.Build.0 = Debug|Win32
		{58C21340-0FA0-4575-B37E-A0090C620D9D}.Release|x64.ActiveCfg = Release|x64
		{58C21340-0FA0-4575-B37E-A0090C620D9D}.Release|x64.Build.0 = Release|x64
		{58C21340-0FA0-4575-B37E-A0090C620D9D}.Release|x86.ActiveCfg = Release|Win32
		{58C21340-0FA0-4575-B37E-A0090C620D9D}.Release|x86.Build.0 = Release|Win32
		{6B10DF22-DA6C-4FBD-8F7D-AA415AB5B1E2}.Debug|x64.ActiveCfg = Debug|x64
		{6B10DF22-DA6C-4FBD-8F7D-AA415AB5B1E2}.Debug|x64.Build.0 = Debug|x64
		{6B10DF22-DA6C-4FBD-8F7D-AA415AB5B1E2}.Debug|x86.ActiveCfg = Debug|Win32
		{6B10DF22-DA6C-4FBD-8F7D-AA415AB5B1E2}.Debug|x86.Build.0 = Debug|Win32
		{6B10DF22-DA6C-4FBD-8F7D-AA415AB5B1E2}.Release|x64.ActiveCfg = Release|x64
		{6B10DF22-DA6C-4FBD-8F7D-AA415AB5B1E2}.Release|x64.Build.0 = Release|x64
		{6B10DF22-DA6C-4FBD-8F7D-AA415AB5B1E2}.Release|x86.ActiveCfg = Release|Win32
		{6B10DF22-DA6C-4FBD-8F7D-AA415AB5B1E2}.Release|x86.Build.0 = Release|Win32
	EndGlobalSection
	GlobalSection(SolutionProperties) = preSolution
		HideSolutionNode = FALSE
	EndGlobalSection
	GlobalSection(NestedProjects) = preSolution
		{6FE9DCA5-B3F2-4593-B71E-3B9BC3A59723} = {2792D0F3-D3E2-4F97-9B1F-34D227B1CDC3}
		{6B5A63C3-8C99-4E9E-BFAC-4F81B3E716A7} = {6FE9DCA5-B3F2-4593-B71E-3B9BC3A59723}
		{1F1D3F09-1D6D-4679-8BC6-002086DB47F7} = {A97B1356-3EAC-40A4-B591-E557CA356147}
		{8DD89D2D-9DC4-4BAC-A310-EF8369D4035F} = {6FE9DCA5-B3F2-4593-B71E-3B9BC3A59723}
		{925F98AC-1D30-4BA3-AB4F-9ECE525B4DAA} = {2943D6FC-5010-421B-9250-B7CC6BB2E118}
		{BE005B80-2C4E-469E-A058-45A55FF1D47D} = {A97B1356-3EAC-40A4-B591-E557CA356147}
		{1634EA43-19CF-4303-BBA6-F394622118A1} = {2943D6FC-5010-421B-9250-B7CC6BB2E118}
		{58C21340-0FA0-4575-B37E-A0090C620D9D} = {6FE9DCA5-B3F2-4593-B71E-3B9BC3A59723}
		{6B10DF22-DA6C-4FBD-8F7D-AA415AB5B1E2} = {A97B1356-3EAC-40A4-B591-E557CA356147}
	EndGlobalSection
	GlobalSection(ExtensibilityGlobals) = postSolution
		SolutionGuid = {83EEE417-9039-4161-A830-DDDEECE454CD}
	EndGlobalSection
EndGlobal
