
Microsoft Visual Studio Solution File, Format Version 12.00
# Visual Studio 15
VisualStudioVersion = 15.0.27004.2005
MinimumVisualStudioVersion = 10.0.40219.1
Project("{2150E333-8FDC-42A3-9474-1A3956D46DE8}") = "Tree", "Tree", "{6FE9DCA5-B3F2-4593-B71E-3B9BC3A59723}"
EndProject
Project("{2150E333-8FDC-42A3-9474-1A3956D46DE8}") = "Client", "Client", "{A97B1356-3EAC-40A4-B591-E557CA356147}"
EndProject
Project("{8BC9CEB8-8B4A-11D0-8D11-00A0C91BC942}") = "BST", "Client\BST\BST.vcxproj", "{DB2FEE77-3463-4CC2-B958-B3FBF2EF4057}"
EndProject
Project("{8BC9CEB8-8B4A-11D0-8D11-00A0C91BC942}") = "BST", "Lib\BST\BST.vcxproj", "{971122A0-318A-4687-A34E-A131C8810030}"
EndProject
Project("{2150E333-8FDC-42A3-9474-1A3956D46DE8}") = "Lib", "Lib", "{2792D0F3-D3E2-4F97-9B1F-34D227B1CDC3}"
EndProject
Global
	GlobalSection(SolutionConfigurationPlatforms) = preSolution
		Debug|x64 = Debug|x64
		Debug|x86 = Debug|x86
		Release|x64 = Release|x64
		Release|x86 = Release|x86
	EndGlobalSection
	GlobalSection(ProjectConfigurationPlatforms) = postSolution
		{DB2FEE77-3463-4CC2-B958-B3FBF2EF4057}.Debug|x64.ActiveCfg = Debug|x64
		{DB2FEE77-3463-4CC2-B958-B3FBF2EF4057}.Debug|x64.Build.0 = Debug|x64
		{DB2FEE77-3463-4CC2-B958-B3FBF2EF4057}.Debug|x86.ActiveCfg = Debug|Win32
		{DB2FEE77-3463-4CC2-B958-B3FBF2EF4057}.Debug|x86.Build.0 = Debug|Win32
		{DB2FEE77-3463-4CC2-B958-B3FBF2EF4057}.Release|x64.ActiveCfg = Release|x64
		{DB2FEE77-3463-4CC2-B958-B3FBF2EF4057}.Release|x64.Build.0 = Release|x64
		{DB2FEE77-3463-4CC2-B958-B3FBF2EF4057}.Release|x86.ActiveCfg = Release|Win32
		{DB2FEE77-3463-4CC2-B958-B3FBF2EF4057}.Release|x86.Build.0 = Release|Win32
		{971122A0-318A-4687-A34E-A131C8810030}.Debug|x64.ActiveCfg = Debug|x64
		{971122A0-318A-4687-A34E-A131C8810030}.Debug|x64.Build.0 = Debug|x64
		{971122A0-318A-4687-A34E-A131C8810030}.Debug|x86.ActiveCfg = Debug|Win32
		{971122A0-318A-4687-A34E-A131C8810030}.Debug|x86.Build.0 = Debug|Win32
		{971122A0-318A-4687-A34E-A131C8810030}.Release|x64.ActiveCfg = Release|x64
		{971122A0-318A-4687-A34E-A131C8810030}.Release|x64.Build.0 = Release|x64
		{971122A0-318A-4687-A34E-A131C8810030}.Release|x86.ActiveCfg = Release|Win32
		{971122A0-318A-4687-A34E-A131C8810030}.Release|x86.Build.0 = Release|Win32
	EndGlobalSection
	GlobalSection(SolutionProperties) = preSolution
		HideSolutionNode = FALSE
	EndGlobalSection
	GlobalSection(NestedProjects) = preSolution
		{6FE9DCA5-B3F2-4593-B71E-3B9BC3A59723} = {2792D0F3-D3E2-4F97-9B1F-34D227B1CDC3}
		{DB2FEE77-3463-4CC2-B958-B3FBF2EF4057} = {A97B1356-3EAC-40A4-B591-E557CA356147}
		{971122A0-318A-4687-A34E-A131C8810030} = {6FE9DCA5-B3F2-4593-B71E-3B9BC3A59723}
	EndGlobalSection
	GlobalSection(ExtensibilityGlobals) = postSolution
		SolutionGuid = {83EEE417-9039-4161-A830-DDDEECE454CD}
	EndGlobalSection
EndGlobal
